{
  "name": "joker_counter",
  "lockfileVersion": 3,
  "requires": true,
  "packages": {
    "": {
      "dependencies": {
        "bpg-phone-sans-bold": "^1.0.0",
        "dejavu-sans-bold-oblique": "^1.0.0"
      }
    },
    "node_modules/bpg-phone-sans-bold": {
      "version": "1.0.0",
      "resolved": "https://registry.npmjs.org/bpg-phone-sans-bold/-/bpg-phone-sans-bold-1.0.0.tgz",
      "integrity": "sha512-pjgBK83/MWFf1WMzRPH+Cn7UKJ7RP918/zONcC/EwN42pccCCTZtkeREqUFjtX1LYEuHaI7peydhCz/CbVYB+w=="
    },
    "node_modules/dejavu-sans-bold-oblique": {
      "version": "1.0.0",
      "resolved": "https://registry.npmjs.org/dejavu-sans-bold-oblique/-/dejavu-sans-bold-oblique-1.0.0.tgz",
      "integrity": "sha512-sY7SnFKrSfmsPaB1q5wpF/RvbJQlAs4jGkERAxQH2hNowXKW1R7Sptcn9xS6Is038Cgujyl2Q0311rGFKKQVTA=="
    }
  }
}
